{
  "originHash" : "46bd85bf9946bc1b6d334d8d81233061153f5ffd5d45aae626f32c607c82ba12",
  "pins" : [
    {
      "identity" : "swift-argument-parser",
      "kind" : "remoteSourceControl",
      "location" : "https://github.com/apple/swift-argument-parser.git",
      "state" : {
        "revision" : "ca37474853a4b5f59a22c74bfdd449b1f6bc4cc2",
        "version" : "1.8.1"
      }
    }
  ],
  "version" : 3
}
